
Microsoft Visual Studio Solution File, Format Version 12.00
# Visual Studio Version 17
VisualStudioVersion = 17.8.34309.116
MinimumVisualStudioVersion = 10.0.40219.1
Project("{FAE04EC0-301F-11D3-BF4B-00C04F79EFBC}") = "WinAsynchMethod", "WinAsynchMethod.csproj", "{298D8775-B40A-4D72-976B-E5B7CAD4FF4E}"
EndProject
Global
	GlobalSection(SolutionConfigurationPlatforms) = preSolution
		Debug|Any CPU = Debug|Any CPU
		Release|Any CPU = Release|Any CPU
	EndGlobalSection
	GlobalSection(ProjectConfigurationPlatforms) = postSolution
		{298D8775-B40A-4D72-976B-E5B7CAD4FF4E}.Debug|Any CPU.ActiveCfg = Debug|Any CPU
		{298D8775-B40A-4D72-976B-E5B7CAD4FF4E}.Debug|Any CPU.Build.0 = Debug|Any CPU
		{298D8775-B40A-4D72-976B-E5B7CAD4FF4E}.Release|Any CPU.ActiveCfg = Release|Any CPU
		{298D8775-B40A-4D72-976B-E5B7CAD4FF4E}.Release|Any CPU.Build.0 = Release|Any CPU
	EndGlobalSection
	GlobalSection(SolutionProperties) = preSolution
		HideSolutionNode = FALSE
	EndGlobalSection
	GlobalSection(ExtensibilityGlobals) = postSolution
		SolutionGuid = {2CFBBD6F-ED73-4476-A503-598678D0191E}
	EndGlobalSection
EndGlobal
