
Microsoft Visual Studio Solution File, Format Version 12.00
# Visual Studio Version 17
VisualStudioVersion = 17.8.34511.84
MinimumVisualStudioVersion = 10.0.40219.1
Project("{FAE04EC0-301F-11D3-BF4B-00C04F79EFBC}") = "Lab01_ExpenseIt", "Lab01_ExpenseIt.csproj", "{4A788036-F45D-421B-A842-45FBB65F391F}"
EndProject
Global
	GlobalSection(SolutionConfigurationPlatforms) = preSolution
		Debug|Any CPU = Debug|Any CPU
		Release|Any CPU = Release|Any CPU
	EndGlobalSection
	GlobalSection(ProjectConfigurationPlatforms) = postSolution
		{4A788036-F45D-421B-A842-45FBB65F391F}.Debug|Any CPU.ActiveCfg = Debug|Any CPU
		{4A788036-F45D-421B-A842-45FBB65F391F}.Debug|Any CPU.Build.0 = Debug|Any CPU
		{4A788036-F45D-421B-A842-45FBB65F391F}.Release|Any CPU.ActiveCfg = Release|Any CPU
		{4A788036-F45D-421B-A842-45FBB65F391F}.Release|Any CPU.Build.0 = Release|Any CPU
	EndGlobalSection
	GlobalSection(SolutionProperties) = preSolution
		HideSolutionNode = FALSE
	EndGlobalSection
	GlobalSection(ExtensibilityGlobals) = postSolution
		SolutionGuid = {A37F716D-9BB1-4EAB-8AF8-6FDF515B1497}
	EndGlobalSection
EndGlobal
